
Microsoft Visual Studio Solution File, Format Version 12.00
# Visual Studio Version 17
VisualStudioVersion = 17.12.35728.132
MinimumVisualStudioVersion = 10.0.40219.1
Project("{FAE04EC0-301F-11D3-BF4B-00C04F79EFBC}") = "CustomPlugin.cs", "CustomPlugin.cs\CustomPlugin.cs.csproj", "{D9933C0C-AA3E-4544-BD08-02CA08BED7F1}"
EndProject
Project("{2150E333-8FDC-42A3-9474-1A3956D46DE8}") = "Elementy rozwiązania", "Elementy rozwiązania", "{FE22C2A8-5AC4-4D11-AC7B-2C83C4FB92E8}"
EndProject
Global
	GlobalSection(SolutionConfigurationPlatforms) = preSolution
		Debug|Any CPU = Debug|Any CPU
		Release|Any CPU = Release|Any CPU
	EndGlobalSection
	GlobalSection(ProjectConfigurationPlatforms) = postSolution
		{D9933C0C-AA3E-4544-BD08-02CA08BED7F1}.Debug|Any CPU.ActiveCfg = Debug|Any CPU
		{D9933C0C-AA3E-4544-BD08-02CA08BED7F1}.Debug|Any CPU.Build.0 = Debug|Any CPU
		{D9933C0C-AA3E-4544-BD08-02CA08BED7F1}.Release|Any CPU.ActiveCfg = Release|Any CPU
		{D9933C0C-AA3E-4544-BD08-02CA08BED7F1}.Release|Any CPU.Build.0 = Release|Any CPU
	EndGlobalSection
	GlobalSection(SolutionProperties) = preSolution
		HideSolutionNode = FALSE
	EndGlobalSection
	GlobalSection(ExtensibilityGlobals) = postSolution
		SolutionGuid = {5E4F1744-8C83-4EBD-978D-828A5C60F219}
	EndGlobalSection
EndGlobal
